
Microsoft Visual Studio Solution File, Format Version 12.00
# Visual Studio Version 17
VisualStudioVersion = 17.12.35527.113
MinimumVisualStudioVersion = 10.0.40219.1
Project("{9092AA53-FB77-4645-B42D-1CCCA6BD08BD}") = "MarketChameleonScraper", "MarketChameleonScraper\MarketChameleonScraper.njsproj", "{1FD63B01-390C-4C11-ACFA-EB0886087CF4}"
EndProject
Project("{2150E333-8FDC-42A3-9474-1A3956D46DE8}") = "Solution Items", "Solution Items", "{3D732701-637D-4758-AC6B-D449F0B98014}"
	ProjectSection(SolutionItems) = preProject
		.gitignore = .gitignore
	EndProjectSection
EndProject
Project("{9092AA53-FB77-4645-B42D-1CCCA6BD08BD}") = "stocksApi", "stocksApi\stocksApi.njsproj", "{A6F78BFA-5EA9-4E8C-91CD-208ACB6426B3}"
EndProject
Global
	GlobalSection(SolutionConfigurationPlatforms) = preSolution
		Debug|Any CPU = Debug|Any CPU
		Release|Any CPU = Release|Any CPU
	EndGlobalSection
	GlobalSection(ProjectConfigurationPlatforms) = postSolution
		{1FD63B01-390C-4C11-ACFA-EB0886087CF4}.Debug|Any CPU.ActiveCfg = Debug|Any CPU
		{1FD63B01-390C-4C11-ACFA-EB0886087CF4}.Debug|Any CPU.Build.0 = Debug|Any CPU
		{1FD63B01-390C-4C11-ACFA-EB0886087CF4}.Release|Any CPU.ActiveCfg = Release|Any CPU
		{1FD63B01-390C-4C11-ACFA-EB0886087CF4}.Release|Any CPU.Build.0 = Release|Any CPU
		{A6F78BFA-5EA9-4E8C-91CD-208ACB6426B3}.Debug|Any CPU.ActiveCfg = Debug|Any CPU
		{A6F78BFA-5EA9-4E8C-91CD-208ACB6426B3}.Debug|Any CPU.Build.0 = Debug|Any CPU
		{A6F78BFA-5EA9-4E8C-91CD-208ACB6426B3}.Release|Any CPU.ActiveCfg = Release|Any CPU
		{A6F78BFA-5EA9-4E8C-91CD-208ACB6426B3}.Release|Any CPU.Build.0 = Release|Any CPU
	EndGlobalSection
	GlobalSection(SolutionProperties) = preSolution
		HideSolutionNode = FALSE
	EndGlobalSection
EndGlobal
